
Microsoft Visual Studio Solution File, Format Version 12.00
# Visual Studio Version 16
VisualStudioVersion = 16.0.31112.23
MinimumVisualStudioVersion = 10.0.40219.1
Project("{9A19103F-16F7-4668-BE54-9A1E7A4F7556}") = "CreateEntity", "CreateEntity\CreateEntity.csproj", "{9E92CAAC-7770-46C5-8116-4EDB98C4127E}"
EndProject
Global
	GlobalSection(SolutionConfigurationPlatforms) = preSolution
		Debug|Any CPU = Debug|Any CPU
		Release|Any CPU = Release|Any CPU
	EndGlobalSection
	GlobalSection(ProjectConfigurationPlatforms) = postSolution
		{9E92CAAC-7770-46C5-8116-4EDB98C4127E}.Debug|Any CPU.ActiveCfg = Debug|Any CPU
		{9E92CAAC-7770-46C5-8116-4EDB98C4127E}.Debug|Any CPU.Build.0 = Debug|Any CPU
		{9E92CAAC-7770-46C5-8116-4EDB98C4127E}.Release|Any CPU.ActiveCfg = Release|Any CPU
		{9E92CAAC-7770-46C5-8116-4EDB98C4127E}.Release|Any CPU.Build.0 = Release|Any CPU
	EndGlobalSection
	GlobalSection(SolutionProperties) = preSolution
		HideSolutionNode = FALSE
	EndGlobalSection
	GlobalSection(ExtensibilityGlobals) = postSolution
		SolutionGuid = {B0E920C1-BEC4-4A3B-B4C8-C2316BA56CF2}
	EndGlobalSection
EndGlobal
